
Microsoft Visual Studio Solution File, Format Version 12.00
# Visual Studio Version 16
VisualStudioVersion = 16.0.29728.190
MinimumVisualStudioVersion = 10.0.40219.1
Project("{FAE04EC0-301F-11D3-BF4B-00C04F79EFBC}") = "Ship_Tracking_Script", "Ship_Tracking_Script.csproj", "{CB4D5DDC-5A69-44E5-A65A-E29DDA7A5D62}"
EndProject
Global
	GlobalSection(SolutionConfigurationPlatforms) = preSolution
		Debug|x64 = Debug|x64
	EndGlobalSection
	GlobalSection(ProjectConfigurationPlatforms) = postSolution
		{CB4D5DDC-5A69-44E5-A65A-E29DDA7A5D62}.Debug|x64.ActiveCfg = Debug|x64
		{CB4D5DDC-5A69-44E5-A65A-E29DDA7A5D62}.Debug|x64.Build.0 = Debug|x64
	EndGlobalSection
	GlobalSection(SolutionProperties) = preSolution
		HideSolutionNode = FALSE
	EndGlobalSection
	GlobalSection(ExtensibilityGlobals) = postSolution
		SolutionGuid = {7A622260-7CAC-4F20-BFD6-F325EE15831D}
	EndGlobalSection
EndGlobal
